{
  "originHash" : "519652ac97647577c5a8238d69d84885c42a4a95a109f979fd9b44ade7e90593",
  "pins" : [
    {
      "identity" : "orchivistekit",
      "kind" : "remoteSourceControl",
      "location" : "https://github.com/Macthieu/OrchivisteKit.git",
      "state" : {
        "revision" : "ec66aa81246e268a97a4b9e1b62157e370604679",
        "version" : "0.2.0"
      }
    }
  ],
  "version" : 3
}
